
Microsoft Visual Studio Solution File, Format Version 12.00
# Visual Studio Version 17
VisualStudioVersion = 17.13.35931.197
MinimumVisualStudioVersion = 10.0.40219.1
Project("{FAE04EC0-301F-11D3-BF4B-00C04F79EFBC}") = "SimpleMediator", "SimpleMediator\SimpleMediator.csproj", "{59A9D8E8-2634-4F7D-A2A4-B77DF77B2059}"
EndProject
Project("{FAE04EC0-301F-11D3-BF4B-00C04F79EFBC}") = "SimpleMediator.Tests", "SimpleMediator.Tests\SimpleMediator.Tests.csproj", "{EADE468C-75EE-4B5E-8472-0E7DEA9BA9FE}"
EndProject
Global
	GlobalSection(SolutionConfigurationPlatforms) = preSolution
		Debug|Any CPU = Debug|Any CPU
		Release|Any CPU = Release|Any CPU
	EndGlobalSection
	GlobalSection(ProjectConfigurationPlatforms) = postSolution
		{59A9D8E8-2634-4F7D-A2A4-B77DF77B2059}.Debug|Any CPU.ActiveCfg = Debug|Any CPU
		{59A9D8E8-2634-4F7D-A2A4-B77DF77B2059}.Debug|Any CPU.Build.0 = Debug|Any CPU
		{59A9D8E8-2634-4F7D-A2A4-B77DF77B2059}.Release|Any CPU.ActiveCfg = Release|Any CPU
		{59A9D8E8-2634-4F7D-A2A4-B77DF77B2059}.Release|Any CPU.Build.0 = Release|Any CPU
		{EADE468C-75EE-4B5E-8472-0E7DEA9BA9FE}.Debug|Any CPU.ActiveCfg = Debug|Any CPU
		{EADE468C-75EE-4B5E-8472-0E7DEA9BA9FE}.Debug|Any CPU.Build.0 = Debug|Any CPU
		{EADE468C-75EE-4B5E-8472-0E7DEA9BA9FE}.Release|Any CPU.ActiveCfg = Release|Any CPU
	EndGlobalSection
	GlobalSection(SolutionProperties) = preSolution
		HideSolutionNode = FALSE
	EndGlobalSection
	GlobalSection(ExtensibilityGlobals) = postSolution
		SolutionGuid = {9EBAE841-25F0-4816-AFBB-4DC41FDB96FB}
	EndGlobalSection
EndGlobal
